// !$*UTF8*$!
{
	archiveVersion = 1;
	classes = {
	};
	objectVersion = 77;
	objects = {

/* Begin PBXContainerItemProxy section */
		5A6290DA2DBB6D560089E4FC /* PBXContainerItemProxy */ = {
			isa = PBXContainerItemProxy;
			containerPortal = 5A6290BC2DBB6D540089E4FC /* Project object */;
			proxyType = 1;
			remoteGlobalIDString = 5A6290C32DBB6D540089E4FC;
			remoteInfo = DailyTrainingApp;
		};
		5A6290E42DBB6D560089E4FC /* PBXContainerItemProxy */ = {
			isa = PBXContainerItemProxy;
			containerPortal = 5A6290BC2DBB6D540089E4FC /* Project object */;
			proxyType = 1;
			remoteGlobalIDString = 5A6290C32DBB6D540089E4FC;
			remoteInfo = DailyTrainingApp;
		};
/* End PBXContainerItemProxy section */

/* Begin PBXFileReference section */
		5A6290C42DBB6D540089E4FC /* DailyTrainingApp.app */ = {isa = PBXFileReference; explicitFileType = wrapper.application; includeInIndex = 0; path = DailyTrainingApp.app; sourceTree = BUILT_PRODUCTS_DIR; };
		5A6290D92DBB6D560089E4FC /* DailyTrainingAppTests.xctest */ = {isa = PBXFileReference; explicitFileType = wrapper.cfbundle; includeInIndex = 0; path = DailyTrainingAppTests.xctest; sourceTree = BUILT_PRODUCTS_DIR; };
		5A6290E32DBB6D560089E4FC /* DailyTrainingAppUITests.xctest */ = {isa = PBXFileReference; explicitFileType = wrapper.cfbundle; includeInIndex = 0; path = DailyTrainingAppUITests.xctest; sourceTree = BUILT_PRODUCTS_DIR; };
/* End PBXFileReference section */

/* Begin PBXFileSystemSynchronizedRootGroup section */
		5A6290C62DBB6D540089E4FC /* DailyTrainingApp */ = {
			isa = PBXFileSystemSynchronizedRootGroup;
			path = DailyTrainingApp;
			sourceTree = "<group>";
		};
		5A6290DC2DBB6D560089E4FC /* DailyTrainingAppTests */ = {
			isa = PBXFileSystemSynchronizedRootGroup;
			path = DailyTrainingAppTests;
			sourceTree = "<group>";
		};
		5A6290E62DBB6D560089E4FC /* DailyTrainingAppUITests */ = {
			isa = PBXFileSystemSynchronizedRootGroup;
			path = DailyTrainingAppUITests;
			sourceTree = "<group>";
		};
/* End PBXFileSystemSynchronizedRootGroup section */

/* Begin PBXFrameworksBuildPhase section */
		5A6290C12DBB6D540089E4FC /* Frameworks */ = {
			isa = PBXFrameworksBuildPhase;
			buildActionMask = 2147483647;
			files = (
			);
			runOnlyForDeploymentPostprocessing = 0;
		};
		5A6290D62DBB6D560089E4FC /* Frameworks */ = {
			isa = PBXFrameworksBuildPhase;
			buildActionMask = 2147483647;
			files = (
			);
			runOnlyForDeploymentPostprocessing = 0;
		};
		5A6290E02DBB6D560089E4FC /* Frameworks */ = {
			isa = PBXFrameworksBuildPhase;
			buildActionMask = 2147483647;
			files = (
			);
			runOnlyForDeploymentPostprocessing = 0;
		};
/* End PBXFrameworksBuildPhase section */

/* Begin PBXGroup section */
		5A6290BB2DBB6D540089E4FC = {
			isa = PBXGroup;
			children = (
				5A6290C62DBB6D540089E4FC /* DailyTrainingApp */,
				5A6290DC2DBB6D560089E4FC /* DailyTrainingAppTests */,
				5A6290E62DBB6D560089E4FC /* DailyTrainingAppUITests */,
				5A6290C52DBB6D540089E4FC /* Products */,
			);
			sourceTree = "<group>";
		};
		5A6290C52DBB6D540089E4FC /* Products */ = {
			isa = PBXGroup;
			children = (
				5A6290C42DBB6D540089E4FC /* DailyTrainingApp.app */,
				5A6290D92DBB6D560089E4FC /* DailyTrainingAppTests.xctest */,
				5A6290E32DBB6D560089E4FC /* DailyTrainingAppUITests.xctest */,
			);
			name = Products;
			sourceTree = "<group>";
		};
/* End PBXGroup section */

/* Begin PBXNativeTarget section */
		5A6290C32DBB6D540089E4FC /* DailyTrainingApp */ = {
			isa = PBXNativeTarget;
			buildConfigurationList = 5A6290ED2DBB6D560089E4FC /* Build configuration list for PBXNativeTarget "DailyTrainingApp" */;
			buildPhases = (
				5A6290C02DBB6D540089E4FC /* Sources */,
				5A6290C12DBB6D540089E4FC /* Frameworks */,
				5A6290C22DBB6D540089E4FC /* Resources */,
			);
			buildRules = (
			);
			dependencies = (
			);
			fileSystemSynchronizedGroups = (
				5A6290C62DBB6D540089E4FC /* DailyTrainingApp */,
			);
			name = DailyTrainingApp;
			packageProductDependencies = (
			);
			productName = DailyTrainingApp;
			productReference = 5A6290C42DBB6D540089E4FC /* DailyTrainingApp.app */;
			productType = "com.apple.product-type.application";
		};
		5A6290D82DBB6D560089E4FC /* DailyTrainingAppTests */ = {
			isa = PBXNativeTarget;
			buildConfigurationList = 5A6290F02DBB6D560089E4FC /* Build configuration list for PBXNativeTarget "DailyTrainingAppTests" */;
			buildPhases = (
				5A6290D52DBB6D560089E4FC /* Sources */,
				5A6290D62DBB6D560089E4FC /* Frameworks */,
				5A6290D72DBB6D560089E4FC /* Resources */,
			);
			buildRules = (
			);
			dependencies = (
				5A6290DB2DBB6D560089E4FC /* PBXTargetDependency */,
			);
			fileSystemSynchronizedGroups = (
				5A6290DC2DBB6D560089E4FC /* DailyTrainingAppTests */,
			);
			name = DailyTrainingAppTests;
			packageProductDependencies = (
			);
			productName = DailyTrainingAppTests;
			productReference = 5A6290D92DBB6D560089E4FC /* DailyTrainingAppTests.xctest */;
			productType = "com.apple.product-type.bundle.unit-test";
		};
		5A6290E22DBB6D560089E4FC /* DailyTrainingAppUITests */ = {
			isa = PBXNativeTarget;
			buildConfigurationList = 5A6290F32DBB6D560089E4FC /* Build configuration list for PBXNativeTarget "DailyTrainingAppUITests" */;
			buildPhases = (
				5A6290DF2DBB6D560089E4FC /* Sources */,
				5A6290E02DBB6D560089E4FC /* Frameworks */,
				5A6290E12DBB6D560089E4FC /* Resources */,
			);
			buildRules = (
			);
			dependencies = (
				5A6290E52DBB6D560089E4FC /* PBXTargetDependency */,
			);
			fileSystemSynchronizedGroups = (
				5A6290E62DBB6D560089E4FC /* DailyTrainingAppUITests */,
			);
			name = DailyTrainingAppUITests;
			packageProductDependencies = (
			);
			productName = DailyTrainingAppUITests;
			productReference = 5A6290E32DBB6D560089E4FC /* DailyTrainingAppUITests.xctest */;
			productType = "com.apple.product-type.bundle.ui-testing";
		};
/* End PBXNativeTarget section */

/* Begin PBXProject section */
		5A6290BC2DBB6D540089E4FC /* Project object */ = {
			isa = PBXProject;
			attributes = {
				BuildIndependentTargetsInParallel = 1;
				LastSwiftUpdateCheck = 1620;
				LastUpgradeCheck = 1620;
				TargetAttributes = {
					5A6290C32DBB6D540089E4FC = {
						CreatedOnToolsVersion = 16.2;
					};
					5A6290D82DBB6D560089E4FC = {
						CreatedOnToolsVersion = 16.2;
						TestTargetID = 5A6290C32DBB6D540089E4FC;
					};
					5A6290E22DBB6D560089E4FC = {
						CreatedOnToolsVersion = 16.2;
						TestTargetID = 5A6290C32DBB6D540089E4FC;
					};
				};
			};
			buildConfigurationList = 5A6290BF2DBB6D540089E4FC /* Build configuration list for PBXProject "DailyTrainingApp" */;
			developmentRegion = en;
			hasScannedForEncodings = 0;
			knownRegions = (
				en,
				Base,
			);
			mainGroup = 5A6290BB2DBB6D540089E4FC;
			minimizedProjectReferenceProxies = 1;
			preferredProjectObjectVersion = 77;
			productRefGroup = 5A6290C52DBB6D540089E4FC /* Products */;
			projectDirPath = "";
			projectRoot = "";
			targets = (
				5A6290C32DBB6D540089E4FC /* DailyTrainingApp */,
				5A6290D82DBB6D560089E4FC /* DailyTrainingAppTests */,
				5A6290E22DBB6D560089E4FC /* DailyTrainingAppUITests */,
			);
		};
/* End PBXProject section */

/* Begin PBXResourcesBuildPhase section */
		5A6290C22DBB6D540089E4FC /* Resources */ = {
			isa = PBXResourcesBuildPhase;
			buildActionMask = 2147483647;
			files = (
			);
			runOnlyForDeploymentPostprocessing = 0;
		};
		5A6290D72DBB6D560089E4FC /* Resources */ = {
			isa = PBXResourcesBuildPhase;
			buildActionMask = 2147483647;
			files = (
			);
			runOnlyForDeploymentPostprocessing = 0;
		};
		5A6290E12DBB6D560089E4FC /* Resources */ = {
			isa = PBXResourcesBuildPhase;
			buildActionMask = 2147483647;
			files = (
			);
			runOnlyForDeploymentPostprocessing = 0;
		};
/* End PBXResourcesBuildPhase section */

/* Begin PBXSourcesBuildPhase section */
		5A6290C02DBB6D540089E4FC /* Sources */ = {
			isa = PBXSourcesBuildPhase;
			buildActionMask = 2147483647;
			files = (
			);
			runOnlyForDeploymentPostprocessing = 0;
		};
		5A6290D52DBB6D560089E4FC /* Sources */ = {
			isa = PBXSourcesBuildPhase;
			buildActionMask = 2147483647;
			files = (
			);
			runOnlyForDeploymentPostprocessing = 0;
		};
		5A6290DF2DBB6D560089E4FC /* Sources */ = {
			isa = PBXSourcesBuildPhase;
			buildActionMask = 2147483647;
			files = (
			);
			runOnlyForDeploymentPostprocessing = 0;
		};
/* End PBXSourcesBuildPhase section */

/* Begin PBXTargetDependency section */
		5A6290DB2DBB6D560089E4FC /* PBXTargetDependency */ = {
			isa = PBXTargetDependency;
			target = 5A6290C32DBB6D540089E4FC /* DailyTrainingApp */;
			targetProxy = 5A6290DA2DBB6D560089E4FC /* PBXContainerItemProxy */;
		};
		5A6290E52DBB6D560089E4FC /* PBXTargetDependency */ = {
			isa = PBXTargetDependency;
			target = 5A6290C32DBB6D540089E4FC /* DailyTrainingApp */;
			targetProxy = 5A6290E42DBB6D560089E4FC /* PBXContainerItemProxy */;
		};
/* End PBXTargetDependency section */

/* Begin XCBuildConfiguration section */
		5A6290EB2DBB6D560089E4FC /* Debug */ = {
			isa = XCBuildConfiguration;
			buildSettings = {
				ALWAYS_SEARCH_USER_PATHS = NO;
				ASSETCATALOG_COMPILER_GENERATE_SWIFT_ASSET_SYMBOL_EXTENSIONS = YES;
				CLANG_ANALYZER_NONNULL = YES;
				CLANG_ANALYZER_NUMBER_OBJECT_CONVERSION = YES_AGGRESSIVE;
				CLANG_CXX_LANGUAGE_STANDARD = "gnu++20";
				CLANG_ENABLE_MODULES = YES;
				CLANG_ENABLE_OBJC_ARC = YES;
				CLANG_ENABLE_OBJC_WEAK = YES;
				CLANG_WARN_BLOCK_CAPTURE_AUTORELEASING = YES;
				CLANG_WARN_BOOL_CONVERSION = YES;
				CLANG_WARN_COMMA = YES;
				CLANG_WARN_CONSTANT_CONVERSION = YES;
				CLANG_WARN_DEPRECATED_OBJC_IMPLEMENTATIONS = YES;
				CLANG_WARN_DIRECT_OBJC_ISA_USAGE = YES_ERROR;
				CLANG_WARN_DOCUMENTATION_COMMENTS = YES;
				CLANG_WARN_EMPTY_BODY = YES;
				CLANG_WARN_ENUM_CONVERSION = YES;
				CLANG_WARN_INFINITE_RECURSION = YES;
				CLANG_WARN_INT_CONVERSION = YES;
				CLANG_WARN_NON_LITERAL_NULL_CONVERSION = YES;
				CLANG_WARN_OBJC_IMPLICIT_RETAIN_SELF = YES;
				CLANG_WARN_OBJC_LITERAL_CONVERSION = YES;
				CLANG_WARN_OBJC_ROOT_CLASS = YES_ERROR;
				CLANG_WARN_QUOTED_INCLUDE_IN_FRAMEWORK_HEADER = YES;
				CLANG_WARN_RANGE_LOOP_ANALYSIS = YES;
				CLANG_WARN_STRICT_PROTOTYPES = YES;
				CLANG_WARN_SUSPICIOUS_MOVE = YES;
				CLANG_WARN_UNGUARDED_AVAILABILITY = YES_AGGRESSIVE;
				CLANG_WARN_UNREACHABLE_CODE = YES;
				CLANG_WARN__DUPLICATE_METHOD_MATCH = YES;
				COPY_PHASE_STRIP = NO;
				DEBUG_INFORMATION_FORMAT = dwarf;
				ENABLE_STRICT_OBJC_MSGSEND = YES;
				ENABLE_TESTABILITY = YES;
				ENABLE_USER_SCRIPT_SANDBOXING = YES;
				GCC_C_LANGUAGE_STANDARD = gnu17;
				GCC_DYNAMIC_NO_PIC = NO;
				GCC_NO_COMMON_BLOCKS = YES;
				GCC_OPTIMIZATION_LEVEL = 0;
				GCC_PREPROCESSOR_DEFINITIONS = (
					"DEBUG=1",
					"$(inherited)",
				);
				GCC_WARN_64_TO_32_BIT_CONVERSION = YES;
				GCC_WARN_ABOUT_RETURN_TYPE = YES_ERROR;
				GCC_WARN_UNDECLARED_SELECTOR = YES;
				GCC_WARN_UNINITIALIZED_AUTOS = YES_AGGRESSIVE;
				GCC_WARN_UNUSED_FUNCTION = YES;
				GCC_WARN_UNUSED_VARIABLE = YES;
				IPHONEOS_DEPLOYMENT_TARGET = 18.2;
				LOCALIZATION_PREFERS_STRING_CATALOGS = YES;
				MTL_ENABLE_DEBUG_INFO = INCLUDE_SOURCE;
				MTL_FAST_MATH = YES;
				ONLY_ACTIVE_ARCH = YES;
				SDKROOT = iphoneos;
				SWIFT_ACTIVE_COMPILATION_CONDITIONS = "DEBUG $(inherited)";
				SWIFT_OPTIMIZATION_LEVEL = "-Onone";
			};
			name = Debug;
		};
		5A6290EC2DBB6D560089E4FC /* Release */ = {
			isa = XCBuildConfiguration;
			buildSettings = {
				ALWAYS_SEARCH_USER_PATHS = NO;
				ASSETCATALOG_COMPILER_GENERATE_SWIFT_ASSET_SYMBOL_EXTENSIONS = YES;
				CLANG_ANALYZER_NONNULL = YES;
				CLANG_ANALYZER_NUMBER_OBJECT_CONVERSION = YES_AGGRESSIVE;
				CLANG_CXX_LANGUAGE_STANDARD = "gnu++20";
				CLANG_ENABLE_MODULES = YES;
				CLANG_ENABLE_OBJC_ARC = YES;
				CLANG_ENABLE_OBJC_WEAK = YES;
				CLANG_WARN_BLOCK_CAPTURE_AUTORELEASING = YES;
				CLANG_WARN_BOOL_CONVERSION = YES;
				CLANG_WARN_COMMA = YES;
				CLANG_WARN_CONSTANT_CONVERSION = YES;
				CLANG_WARN_DEPRECATED_OBJC_IMPLEMENTATIONS = YES;
				CLANG_WARN_DIRECT_OBJC_ISA_USAGE = YES_ERROR;
				CLANG_WARN_DOCUMENTATION_COMMENTS = YES;
				CLANG_WARN_EMPTY_BODY = YES;
				CLANG_WARN_ENUM_CONVERSION = YES;
				CLANG_WARN_INFINITE_RECURSION = YES;
				CLANG_WARN_INT_CONVERSION = YES;
				CLANG_WARN_NON_LITERAL_NULL_CONVERSION = YES;
				CLANG_WARN_OBJC_IMPLICIT_RETAIN_SELF = YES;
				CLANG_WARN_OBJC_LITERAL_CONVERSION = YES;
				CLANG_WARN_OBJC_ROOT_CLASS = YES_ERROR;
				CLANG_WARN_QUOTED_INCLUDE_IN_FRAMEWORK_HEADER = YES;
				CLANG_WARN_RANGE_LOOP_ANALYSIS = YES;
				CLANG_WARN_STRICT_PROTOTYPES = YES;
				CLANG_WARN_SUSPICIOUS_MOVE = YES;
				CLANG_WARN_UNGUARDED_AVAILABILITY = YES_AGGRESSIVE;
				CLANG_WARN_UNREACHABLE_CODE = YES;
				CLANG_WARN__DUPLICATE_METHOD_MATCH = YES;
				COPY_PHASE_STRIP = NO;
				DEBUG_INFORMATION_FORMAT = "dwarf-with-dsym";
				ENABLE_NS_ASSERTIONS = NO;
				ENABLE_STRICT_OBJC_MSGSEND = YES;
				ENABLE_USER_SCRIPT_SANDBOXING = YES;
				GCC_C_LANGUAGE_STANDARD = gnu17;
				GCC_NO_COMMON_BLOCKS = YES;
				GCC_WARN_64_TO_32_BIT_CONVERSION = YES;
				GCC_WARN_ABOUT_RETURN_TYPE = YES_ERROR;
				GCC_WARN_UNDECLARED_SELECTOR = YES;
				GCC_WARN_UNINITIALIZED_AUTOS = YES_AGGRESSIVE;
				GCC_WARN_UNUSED_FUNCTION = YES;
				GCC_WARN_UNUSED_VARIABLE = YES;
				IPHONEOS_DEPLOYMENT_TARGET = 18.2;
				LOCALIZATION_PREFERS_STRING_CATALOGS = YES;
				MTL_ENABLE_DEBUG_INFO = NO;
				MTL_FAST_MATH = YES;
				SDKROOT = iphoneos;
				SWIFT_COMPILATION_MODE = wholemodule;
				VALIDATE_PRODUCT = YES;
			};
			name = Release;
		};
		5A6290EE2DBB6D560089E4FC /* Debug */ = {
			isa = XCBuildConfiguration;
			buildSettings = {
				ASSETCATALOG_COMPILER_APPICON_NAME = AppIcon;
				ASSETCATALOG_COMPILER_GLOBAL_ACCENT_COLOR_NAME = AccentColor;
				CODE_SIGN_STYLE = Automatic;
				CURRENT_PROJECT_VERSION = 1;
				DEVELOPMENT_ASSET_PATHS = "\"DailyTrainingApp/Preview Content\"";
				DEVELOPMENT_TEAM = X2L5JNBS3H;
				ENABLE_PREVIEWS = YES;
				GENERATE_INFOPLIST_FILE = YES;
				INFOPLIST_KEY_UIApplicationSceneManifest_Generation = YES;
				INFOPLIST_KEY_UIApplicationSupportsIndirectInputEvents = YES;
				INFOPLIST_KEY_UILaunchScreen_Generation = YES;
				INFOPLIST_KEY_UISupportedInterfaceOrientations_iPad = "UIInterfaceOrientationPortrait UIInterfaceOrientationPortraitUpsideDown UIInterfaceOrientationLandscapeLeft UIInterfaceOrientationLandscapeRight";
				INFOPLIST_KEY_UISupportedInterfaceOrientations_iPhone = "UIInterfaceOrientationPortrait UIInterfaceOrientationLandscapeLeft UIInterfaceOrientationLandscapeRight";
				IPHONEOS_DEPLOYMENT_TARGET = 15.0;
				LD_RUNPATH_SEARCH_PATHS = (
					"$(inherited)",
					"@executable_path/Frameworks",
				);
				MARKETING_VERSION = 1.0;
				PRODUCT_BUNDLE_IDENTIFIER = com.ningxia.DailyTrainingApp;
				PRODUCT_NAME = "$(TARGET_NAME)";
				SWIFT_EMIT_LOC_STRINGS = YES;
				SWIFT_VERSION = 5.0;
				TARGETED_DEVICE_FAMILY = "1,2";
			};
			name = Debug;
		};
		5A6290EF2DBB6D560089E4FC /* Release */ = {
			isa = XCBuildConfiguration;
			buildSettings = {
				ASSETCATALOG_COMPILER_APPICON_NAME = AppIcon;
				ASSETCATALOG_COMPILER_GLOBAL_ACCENT_COLOR_NAME = AccentColor;
				CODE_SIGN_STYLE = Automatic;
				CURRENT_PROJECT_VERSION = 1;
				DEVELOPMENT_ASSET_PATHS = "\"DailyTrainingApp/Preview Content\"";
				DEVELOPMENT_TEAM = X2L5JNBS3H;
				ENABLE_PREVIEWS = YES;
				GENERATE_INFOPLIST_FILE = YES;
				INFOPLIST_KEY_UIApplicationSceneManifest_Generation = YES;
				INFOPLIST_KEY_UIApplicationSupportsIndirectInputEvents = YES;
				INFOPLIST_KEY_UILaunchScreen_Generation = YES;
				INFOPLIST_KEY_UISupportedInterfaceOrientations_iPad = "UIInterfaceOrientationPortrait UIInterfaceOrientationPortraitUpsideDown UIInterfaceOrientationLandscapeLeft UIInterfaceOrientationLandscapeRight";
				INFOPLIST_KEY_UISupportedInterfaceOrientations_iPhone = "UIInterfaceOrientationPortrait UIInterfaceOrientationLandscapeLeft UIInterfaceOrientationLandscapeRight";
				IPHONEOS_DEPLOYMENT_TARGET = 15.0;
				LD_RUNPATH_SEARCH_PATHS = (
					"$(inherited)",
					"@executable_path/Frameworks",
				);
				MARKETING_VERSION = 1.0;
				PRODUCT_BUNDLE_IDENTIFIER = com.ningxia.DailyTrainingApp;
				PRODUCT_NAME = "$(TARGET_NAME)";
				SWIFT_EMIT_LOC_STRINGS = YES;
				SWIFT_VERSION = 5.0;
				TARGETED_DEVICE_FAMILY = "1,2";
			};
			name = Release;
		};
		5A6290F12DBB6D560089E4FC /* Debug */ = {
			isa = XCBuildConfiguration;
			buildSettings = {
				BUNDLE_LOADER = "$(TEST_HOST)";
				CODE_SIGN_STYLE = Automatic;
				CURRENT_PROJECT_VERSION = 1;
				DEVELOPMENT_TEAM = X2L5JNBS3H;
				GENERATE_INFOPLIST_FILE = YES;
				IPHONEOS_DEPLOYMENT_TARGET = 18.2;
				MARKETING_VERSION = 1.0;
				PRODUCT_BUNDLE_IDENTIFIER = com.ningxia.DailyTrainingAppTests;
				PRODUCT_NAME = "$(TARGET_NAME)";
				SWIFT_EMIT_LOC_STRINGS = NO;
				SWIFT_VERSION = 5.0;
				TARGETED_DEVICE_FAMILY = "1,2";
				TEST_HOST = "$(BUILT_PRODUCTS_DIR)/DailyTrainingApp.app/$(BUNDLE_EXECUTABLE_FOLDER_PATH)/DailyTrainingApp";
			};
			name = Debug;
		};
		5A6290F22DBB6D560089E4FC /* Release */ = {
			isa = XCBuildConfiguration;
			buildSettings = {
				BUNDLE_LOADER = "$(TEST_HOST)";
				CODE_SIGN_STYLE = Automatic;
				CURRENT_PROJECT_VERSION = 1;
				DEVELOPMENT_TEAM = X2L5JNBS3H;
				GENERATE_INFOPLIST_FILE = YES;
				IPHONEOS_DEPLOYMENT_TARGET = 18.2;
				MARKETING_VERSION = 1.0;
				PRODUCT_BUNDLE_IDENTIFIER = com.ningxia.DailyTrainingAppTests;
				PRODUCT_NAME = "$(TARGET_NAME)";
				SWIFT_EMIT_LOC_STRINGS = NO;
				SWIFT_VERSION = 5.0;
				TARGETED_DEVICE_FAMILY = "1,2";
				TEST_HOST = "$(BUILT_PRODUCTS_DIR)/DailyTrainingApp.app/$(BUNDLE_EXECUTABLE_FOLDER_PATH)/DailyTrainingApp";
			};
			name = Release;
		};
		5A6290F42DBB6D560089E4FC /* Debug */ = {
			isa = XCBuildConfiguration;
			buildSettings = {
				CODE_SIGN_STYLE = Automatic;
				CURRENT_PROJECT_VERSION = 1;
				DEVELOPMENT_TEAM = X2L5JNBS3H;
				GENERATE_INFOPLIST_FILE = YES;
				MARKETING_VERSION = 1.0;
				PRODUCT_BUNDLE_IDENTIFIER = com.ningxia.DailyTrainingAppUITests;
				PRODUCT_NAME = "$(TARGET_NAME)";
				SWIFT_EMIT_LOC_STRINGS = NO;
				SWIFT_VERSION = 5.0;
				TARGETED_DEVICE_FAMILY = "1,2";
				TEST_TARGET_NAME = DailyTrainingApp;
			};
			name = Debug;
		};
		5A6290F52DBB6D560089E4FC /* Release */ = {
			isa = XCBuildConfiguration;
			buildSettings = {
				CODE_SIGN_STYLE = Automatic;
				CURRENT_PROJECT_VERSION = 1;
				DEVELOPMENT_TEAM = X2L5JNBS3H;
				GENERATE_INFOPLIST_FILE = YES;
				MARKETING_VERSION = 1.0;
				PRODUCT_BUNDLE_IDENTIFIER = com.ningxia.DailyTrainingAppUITests;
				PRODUCT_NAME = "$(TARGET_NAME)";
				SWIFT_EMIT_LOC_STRINGS = NO;
				SWIFT_VERSION = 5.0;
				TARGETED_DEVICE_FAMILY = "1,2";
				TEST_TARGET_NAME = DailyTrainingApp;
			};
			name = Release;
		};
/* End XCBuildConfiguration section */

/* Begin XCConfigurationList section */
		5A6290BF2DBB6D540089E4FC /* Build configuration list for PBXProject "DailyTrainingApp" */ = {
			isa = XCConfigurationList;
			buildConfigurations = (
				5A6290EB2DBB6D560089E4FC /* Debug */,
				5A6290EC2DBB6D560089E4FC /* Release */,
			);
			defaultConfigurationIsVisible = 0;
			defaultConfigurationName = Release;
		};
		5A6290ED2DBB6D560089E4FC /* Build configuration list for PBXNativeTarget "DailyTrainingApp" */ = {
			isa = XCConfigurationList;
			buildConfigurations = (
				5A6290EE2DBB6D560089E4FC /* Debug */,
				5A6290EF2DBB6D560089E4FC /* Release */,
			);
			defaultConfigurationIsVisible = 0;
			defaultConfigurationName = Release;
		};
		5A6290F02DBB6D560089E4FC /* Build configuration list for PBXNativeTarget "DailyTrainingAppTests" */ = {
			isa = XCConfigurationList;
			buildConfigurations = (
				5A6290F12DBB6D560089E4FC /* Debug */,
				5A6290F22DBB6D560089E4FC /* Release */,
			);
			defaultConfigurationIsVisible = 0;
			defaultConfigurationName = Release;
		};
		5A6290F32DBB6D560089E4FC /* Build configuration list for PBXNativeTarget "DailyTrainingAppUITests" */ = {
			isa = XCConfigurationList;
			buildConfigurations = (
				5A6290F42DBB6D560089E4FC /* Debug */,
				5A6290F52DBB6D560089E4FC /* Release */,
			);
			defaultConfigurationIsVisible = 0;
			defaultConfigurationName = Release;
		};
/* End XCConfigurationList section */
	};
	rootObject = 5A6290BC2DBB6D540089E4FC /* Project object */;
}
